{
  "version": 1,
  "dependencies": {
    ".NETCoreApp,Version=v3.1": {
      "NSwag.MSBuild": {
        "type": "Direct",
        "requested": "[13.8.2, )",
        "resolved": "13.8.2",
        "contentHash": "3W0449am0GPDNC1gC2jmRp3j9t4OMveKd5SVC3ukQ07qp7ZVbzQ52YJ0aXNtO0sk4jPsXZxXcpE/huj7ns6yjA=="
      }
    }
  }
}