
Microsoft Visual Studio Solution File, Format Version 12.00
# Visual Studio 15
VisualStudioVersion = 15.0.28307.136
MinimumVisualStudioVersion = 10.0.40219.1
Project("{FAE04EC0-301F-11D3-BF4B-00C04F79EFBC}") = "BookingQueueSubscriber", "BookingQueueSubscriber\BookingQueueSubscriber.csproj", "{154CA68F-1D8F-49C0-8073-2DA8AA4F5BDA}"
EndProject
Project("{2150E333-8FDC-42A3-9474-1A3956D46DE8}") = "Tests", "Tests", "{4774AAF7-2F45-4AFB-BA0B-07BA77A44C5B}"
EndProject
Project("{FAE04EC0-301F-11D3-BF4B-00C04F79EFBC}") = "BookingQueueSubscriber.UnitTests", "BookingQueueSubscriber.UnitTests\BookingQueueSubscriber.UnitTests.csproj", "{F356930E-88E9-4B0E-AA46-179E12BCFCD6}"
EndProject
Project("{FAE04EC0-301F-11D3-BF4B-00C04F79EFBC}") = "BookingQueueSubscriber.Common", "BookingQueueSubscriber.Common\BookingQueueSubscriber.Common.csproj", "{53EEB5C6-83ED-45B0-A63A-7E5D977B1DB1}"
EndProject
Project("{FAE04EC0-301F-11D3-BF4B-00C04F79EFBC}") = "BookingQueueSubscriber.Services", "BookingQueueSubscriber.Services\BookingQueueSubscriber.Services.csproj", "{0DC349FE-8D8F-436D-8C95-DE92B8BA35EE}"
EndProject
Global
	GlobalSection(SolutionConfigurationPlatforms) = preSolution
		Debug|Any CPU = Debug|Any CPU
		Release|Any CPU = Release|Any CPU
	EndGlobalSection
	GlobalSection(ProjectConfigurationPlatforms) = postSolution
		{154CA68F-1D8F-49C0-8073-2DA8AA4F5BDA}.Debug|Any CPU.ActiveCfg = Debug|Any CPU
		{154CA68F-1D8F-49C0-8073-2DA8AA4F5BDA}.Debug|Any CPU.Build.0 = Debug|Any CPU
		{154CA68F-1D8F-49C0-8073-2DA8AA4F5BDA}.Release|Any CPU.ActiveCfg = Release|Any CPU
		{154CA68F-1D8F-49C0-8073-2DA8AA4F5BDA}.Release|Any CPU.Build.0 = Release|Any CPU
		{F356930E-88E9-4B0E-AA46-179E12BCFCD6}.Debug|Any CPU.ActiveCfg = Debug|Any CPU
		{F356930E-88E9-4B0E-AA46-179E12BCFCD6}.Debug|Any CPU.Build.0 = Debug|Any CPU
		{F356930E-88E9-4B0E-AA46-179E12BCFCD6}.Release|Any CPU.ActiveCfg = Release|Any CPU
		{F356930E-88E9-4B0E-AA46-179E12BCFCD6}.Release|Any CPU.Build.0 = Release|Any CPU
		{53EEB5C6-83ED-45B0-A63A-7E5D977B1DB1}.Debug|Any CPU.ActiveCfg = Debug|Any CPU
		{53EEB5C6-83ED-45B0-A63A-7E5D977B1DB1}.Debug|Any CPU.Build.0 = Debug|Any CPU
		{53EEB5C6-83ED-45B0-A63A-7E5D977B1DB1}.Release|Any CPU.ActiveCfg = Release|Any CPU
		{53EEB5C6-83ED-45B0-A63A-7E5D977B1DB1}.Release|Any CPU.Build.0 = Release|Any CPU
		{0DC349FE-8D8F-436D-8C95-DE92B8BA35EE}.Debug|Any CPU.ActiveCfg = Debug|Any CPU
		{0DC349FE-8D8F-436D-8C95-DE92B8BA35EE}.Debug|Any CPU.Build.0 = Debug|Any CPU
		{0DC349FE-8D8F-436D-8C95-DE92B8BA35EE}.Release|Any CPU.ActiveCfg = Release|Any CPU
		{0DC349FE-8D8F-436D-8C95-DE92B8BA35EE}.Release|Any CPU.Build.0 = Release|Any CPU
	EndGlobalSection
	GlobalSection(SolutionProperties) = preSolution
		HideSolutionNode = FALSE
	EndGlobalSection
	GlobalSection(NestedProjects) = preSolution
		{F356930E-88E9-4B0E-AA46-179E12BCFCD6} = {4774AAF7-2F45-4AFB-BA0B-07BA77A44C5B}
	EndGlobalSection
	GlobalSection(ExtensibilityGlobals) = postSolution
		SolutionGuid = {84556641-2AEE-4531-BCAF-A1217A7925B5}
	EndGlobalSection
EndGlobal
